
Microsoft Visual Studio Solution File, Format Version 12.00
# Visual Studio Version 17
VisualStudioVersion = 17.13.35806.99 d17.13
MinimumVisualStudioVersion = 10.0.40219.1
Project("{8BC9CEB8-8B4A-11D0-8D11-00A0C91BC942}") = "Disk", "Disk\Disk.vcxproj", "{D93FD9CE-DCD1-494E-981E-21C91E856EB1}"
EndProject
Global
	GlobalSection(SolutionConfigurationPlatforms) = preSolution
		Debug|x64 = Debug|x64
		Debug|x86 = Debug|x86
		Release|x64 = Release|x64
		Release|x86 = Release|x86
	EndGlobalSection
	GlobalSection(ProjectConfigurationPlatforms) = postSolution
		{D93FD9CE-DCD1-494E-981E-21C91E856EB1}.Debug|x64.ActiveCfg = Debug|x64
		{D93FD9CE-DCD1-494E-981E-21C91E856EB1}.Debug|x64.Build.0 = Debug|x64
		{D93FD9CE-DCD1-494E-981E-21C91E856EB1}.Debug|x86.ActiveCfg = Debug|Win32
		{D93FD9CE-DCD1-494E-981E-21C91E856EB1}.Debug|x86.Build.0 = Debug|Win32
		{D93FD9CE-DCD1-494E-981E-21C91E856EB1}.Release|x64.ActiveCfg = Release|x64
		{D93FD9CE-DCD1-494E-981E-21C91E856EB1}.Release|x64.Build.0 = Release|x64
		{D93FD9CE-DCD1-494E-981E-21C91E856EB1}.Release|x86.ActiveCfg = Release|Win32
		{D93FD9CE-DCD1-494E-981E-21C91E856EB1}.Release|x86.Build.0 = Release|Win32
	EndGlobalSection
	GlobalSection(SolutionProperties) = preSolution
		HideSolutionNode = FALSE
	EndGlobalSection
	GlobalSection(ExtensibilityGlobals) = postSolution
		SolutionGuid = {E76F4618-C5B5-4C07-820F-058B59C86052}
	EndGlobalSection
EndGlobal
